// !$*UTF8*$!
{
	archiveVersion = 1;
	classes = {
	};
	objectVersion = 46;
	objects = {

/* Begin PBXBuildFile section */
		4C1E72A213C37BD500258DA2 /* UIKit.framework in Frameworks */ = {isa = PBXBuildFile; fileRef = 4C1E72A113C37BD500258DA2 /* UIKit.framework */; };
		4C1E72A413C37BD500258DA2 /* Foundation.framework in Frameworks */ = {isa = PBXBuildFile; fileRef = 4C1E72A313C37BD500258DA2 /* Foundation.framework */; };
		4C1E72A613C37BD500258DA2 /* CoreGraphics.framework in Frameworks */ = {isa = PBXBuildFile; fileRef = 4C1E72A513C37BD500258DA2 /* CoreGraphics.framework */; };
		4C1E72AC13C37BD500258DA2 /* InfoPlist.strings in Resources */ = {isa = PBXBuildFile; fileRef = 4C1E72AA13C37BD500258DA2 /* InfoPlist.strings */; };
		4C1E72AE13C37BD500258DA2 /* main.m in Sources */ = {isa = PBXBuildFile; fileRef = 4C1E72AD13C37BD500258DA2 /* main.m */; };
		4C1E72B213C37BD500258DA2 /* RDClientAppDelegate.m in Sources */ = {isa = PBXBuildFile; fileRef = 4C1E72B113C37BD500258DA2 /* RDClientAppDelegate.m */; };
		4C1E72B913C37BD500258DA2 /* MainWindow.xib in Resources */ = {isa = PBXBuildFile; fileRef = 4C1E72B713C37BD500258DA2 /* MainWindow.xib */; };
		4C1E72CB13C37E4D00258DA2 /* ConnectionViewController.m in Sources */ = {isa = PBXBuildFile; fileRef = 4C1E72CA13C37E4D00258DA2 /* ConnectionViewController.m */; };
		4C1E72CE13C3834A00258DA2 /* ScreenView.m in Sources */ = {isa = PBXBuildFile; fileRef = 4C1E72CD13C3834A00258DA2 /* ScreenView.m */; };
		4C1E72D113C3853300258DA2 /* GCDAsyncSocket.m in Sources */ = {isa = PBXBuildFile; fileRef = 4C1E72D013C3853300258DA2 /* GCDAsyncSocket.m */; };
		4C1E72DC13C3855200258DA2 /* DDAbstractDatabaseLogger.m in Sources */ = {isa = PBXBuildFile; fileRef = 4C1E72D313C3855100258DA2 /* DDAbstractDatabaseLogger.m */; };
		4C1E72DD13C3855200258DA2 /* DDASLLogger.m in Sources */ = {isa = PBXBuildFile; fileRef = 4C1E72D513C3855100258DA2 /* DDASLLogger.m */; };
		4C1E72DE13C3855200258DA2 /* DDFileLogger.m in Sources */ = {isa = PBXBuildFile; fileRef = 4C1E72D713C3855100258DA2 /* DDFileLogger.m */; };
		4C1E72DF13C3855200258DA2 /* DDLog.m in Sources */ = {isa = PBXBuildFile; fileRef = 4C1E72D913C3855200258DA2 /* DDLog.m */; };
		4C1E72E013C3855200258DA2 /* DDTTYLogger.m in Sources */ = {isa = PBXBuildFile; fileRef = 4C1E72DB13C3855200258DA2 /* DDTTYLogger.m */; };
		4C1E72E613C3862600258DA2 /* AppUtils.m in Sources */ = {isa = PBXBuildFile; fileRef = 4C1E72E513C3862600258DA2 /* AppUtils.m */; };
		4C1E72EC13C38A1B00258DA2 /* CFNetwork.framework in Frameworks */ = {isa = PBXBuildFile; fileRef = 4C1E72EB13C38A1B00258DA2 /* CFNetwork.framework */; };
		4C5F401113D32E01005E0936 /* QuartzCore.framework in Frameworks */ = {isa = PBXBuildFile; fileRef = 4C5F400F13D32DF5005E0936 /* QuartzCore.framework */; };
		4C5F401313D38452005E0936 /* cake.png in Resources */ = {isa = PBXBuildFile; fileRef = 4C5F401213D38452005E0936 /* cake.png */; };
/* End PBXBuildFile section */

/* Begin PBXFileReference section */
		4C1E729D13C37BD500258DA2 /* RDClient.app */ = {isa = PBXFileReference; explicitFileType = wrapper.application; includeInIndex = 0; path = RDClient.app; sourceTree = BUILT_PRODUCTS_DIR; };
		4C1E72A113C37BD500258DA2 /* UIKit.framework */ = {isa = PBXFileReference; lastKnownFileType = wrapper.framework; name = UIKit.framework; path = System/Library/Frameworks/UIKit.framework; sourceTree = SDKROOT; };
		4C1E72A313C37BD500258DA2 /* Foundation.framework */ = {isa = PBXFileReference; lastKnownFileType = wrapper.framework; name = Foundation.framework; path = System/Library/Frameworks/Foundation.framework; sourceTree = SDKROOT; };
		4C1E72A513C37BD500258DA2 /* CoreGraphics.framework */ = {isa = PBXFileReference; lastKnownFileType = wrapper.framework; name = CoreGraphics.framework; path = System/Library/Frameworks/CoreGraphics.framework; sourceTree = SDKROOT; };
		4C1E72A913C37BD500258DA2 /* RDClient-Info.plist */ = {isa = PBXFileReference; lastKnownFileType = text.plist.xml; path = "RDClient-Info.plist"; sourceTree = "<group>"; };
		4C1E72AB13C37BD500258DA2 /* en */ = {isa = PBXFileReference; lastKnownFileType = text.plist.strings; name = en; path = en.lproj/InfoPlist.strings; sourceTree = "<group>"; };
		4C1E72AD13C37BD500258DA2 /* main.m */ = {isa = PBXFileReference; lastKnownFileType = sourcecode.c.objc; path = main.m; sourceTree = "<group>"; };
		4C1E72AF13C37BD500258DA2 /* RDClient-Prefix.pch */ = {isa = PBXFileReference; lastKnownFileType = sourcecode.c.h; path = "RDClient-Prefix.pch"; sourceTree = "<group>"; };
		4C1E72B013C37BD500258DA2 /* RDClientAppDelegate.h */ = {isa = PBXFileReference; lastKnownFileType = sourcecode.c.h; path = RDClientAppDelegate.h; sourceTree = "<group>"; };
		4C1E72B113C37BD500258DA2 /* RDClientAppDelegate.m */ = {isa = PBXFileReference; lastKnownFileType = sourcecode.c.objc; path = RDClientAppDelegate.m; sourceTree = "<group>"; };
		4C1E72B813C37BD500258DA2 /* en */ = {isa = PBXFileReference; lastKnownFileType = file.xib; name = en; path = iPhone/en.lproj/MainWindow.xib; sourceTree = "<group>"; };
		4C1E72C913C37E4D00258DA2 /* ConnectionViewController.h */ = {isa = PBXFileReference; fileEncoding = 4; lastKnownFileType = sourcecode.c.h; path = ConnectionViewController.h; sourceTree = "<group>"; };
		4C1E72CA13C37E4D00258DA2 /* ConnectionViewController.m */ = {isa = PBXFileReference; fileEncoding = 4; lastKnownFileType = sourcecode.c.objc; path = ConnectionViewController.m; sourceTree = "<group>"; };
		4C1E72CC13C3834A00258DA2 /* ScreenView.h */ = {isa = PBXFileReference; fileEncoding = 4; lastKnownFileType = sourcecode.c.h; path = ScreenView.h; sourceTree = "<group>"; };
		4C1E72CD13C3834A00258DA2 /* ScreenView.m */ = {isa = PBXFileReference; fileEncoding = 4; lastKnownFileType = sourcecode.c.objc; path = ScreenView.m; sourceTree = "<group>"; };
		4C1E72CF13C3853300258DA2 /* GCDAsyncSocket.h */ = {isa = PBXFileReference; fileEncoding = 4; lastKnownFileType = sourcecode.c.h; path = GCDAsyncSocket.h; sourceTree = "<group>"; };
		4C1E72D013C3853300258DA2 /* GCDAsyncSocket.m */ = {isa = PBXFileReference; fileEncoding = 4; lastKnownFileType = sourcecode.c.objc; path = GCDAsyncSocket.m; sourceTree = "<group>"; };
		4C1E72D213C3855100258DA2 /* DDAbstractDatabaseLogger.h */ = {isa = PBXFileReference; fileEncoding = 4; lastKnownFileType = sourcecode.c.h; path = DDAbstractDatabaseLogger.h; sourceTree = "<group>"; };
		4C1E72D313C3855100258DA2 /* DDAbstractDatabaseLogger.m */ = {isa = PBXFileReference; fileEncoding = 4; lastKnownFileType = sourcecode.c.objc; path = DDAbstractDatabaseLogger.m; sourceTree = "<group>"; };
		4C1E72D413C3855100258DA2 /* DDASLLogger.h */ = {isa = PBXFileReference; fileEncoding = 4; lastKnownFileType = sourcecode.c.h; path = DDASLLogger.h; sourceTree = "<group>"; };
		4C1E72D513C3855100258DA2 /* DDASLLogger.m */ = {isa = PBXFileReference; fileEncoding = 4; lastKnownFileType = sourcecode.c.objc; path = DDASLLogger.m; sourceTree = "<group>"; };
		4C1E72D613C3855100258DA2 /* DDFileLogger.h */ = {isa = PBXFileReference; fileEncoding = 4; lastKnownFileType = sourcecode.c.h; path = DDFileLogger.h; sourceTree = "<group>"; };
		4C1E72D713C3855100258DA2 /* DDFileLogger.m */ = {isa = PBXFileReference; fileEncoding = 4; lastKnownFileType = sourcecode.c.objc; path = DDFileLogger.m; sourceTree = "<group>"; };
		4C1E72D813C3855200258DA2 /* DDLog.h */ = {isa = PBXFileReference; fileEncoding = 4; lastKnownFileType = sourcecode.c.h; path = DDLog.h; sourceTree = "<group>"; };
		4C1E72D913C3855200258DA2 /* DDLog.m */ = {isa = PBXFileReference; fileEncoding = 4; lastKnownFileType = sourcecode.c.objc; path = DDLog.m; sourceTree = "<group>"; };
		4C1E72DA13C3855200258DA2 /* DDTTYLogger.h */ = {isa = PBXFileReference; fileEncoding = 4; lastKnownFileType = sourcecode.c.h; path = DDTTYLogger.h; sourceTree = "<group>"; };
		4C1E72DB13C3855200258DA2 /* DDTTYLogger.m */ = {isa = PBXFileReference; fileEncoding = 4; lastKnownFileType = sourcecode.c.objc; path = DDTTYLogger.m; sourceTree = "<group>"; };
		4C1E72E413C3862600258DA2 /* AppUtils.h */ = {isa = PBXFileReference; fileEncoding = 4; lastKnownFileType = sourcecode.c.h; path = AppUtils.h; sourceTree = "<group>"; };
		4C1E72E513C3862600258DA2 /* AppUtils.m */ = {isa = PBXFileReference; fileEncoding = 4; lastKnownFileType = sourcecode.c.objc; path = AppUtils.m; sourceTree = "<group>"; };
		4C1E72E713C388FF00258DA2 /* Security.framework */ = {isa = PBXFileReference; lastKnownFileType = wrapper.framework; name = Security.framework; path = System/Library/Frameworks/Security.framework; sourceTree = SDKROOT; };
		4C1E72E913C389FD00258DA2 /* MobileCoreServices.framework */ = {isa = PBXFileReference; lastKnownFileType = wrapper.framework; name = MobileCoreServices.framework; path = System/Library/Frameworks/MobileCoreServices.framework; sourceTree = SDKROOT; };
		4C1E72EB13C38A1B00258DA2 /* CFNetwork.framework */ = {isa = PBXFileReference; lastKnownFileType = wrapper.framework; name = CFNetwork.framework; path = System/Library/Frameworks/CFNetwork.framework; sourceTree = SDKROOT; };
		4C5F400D13D1F3D9005E0936 /* ProtocolConstants.h */ = {isa = PBXFileReference; fileEncoding = 4; lastKnownFileType = sourcecode.c.h; path = ProtocolConstants.h; sourceTree = "<group>"; };
		4C5F400F13D32DF5005E0936 /* QuartzCore.framework */ = {isa = PBXFileReference; lastKnownFileType = wrapper.framework; name = QuartzCore.framework; path = System/Library/Frameworks/QuartzCore.framework; sourceTree = SDKROOT; };
		4C5F401213D38452005E0936 /* cake.png */ = {isa = PBXFileReference; lastKnownFileType = image.png; path = cake.png; sourceTree = "<group>"; };
/* End PBXFileReference section */

/* Begin PBXFrameworksBuildPhase section */
		4C1E729A13C37BD500258DA2 /* Frameworks */ = {
			isa = PBXFrameworksBuildPhase;
			buildActionMask = 2147483647;
			files = (
				4C5F401113D32E01005E0936 /* QuartzCore.framework in Frameworks */,
				4C1E72EC13C38A1B00258DA2 /* CFNetwork.framework in Frameworks */,
				4C1E72A213C37BD500258DA2 /* UIKit.framework in Frameworks */,
				4C1E72A413C37BD500258DA2 /* Foundation.framework in Frameworks */,
				4C1E72A613C37BD500258DA2 /* CoreGraphics.framework in Frameworks */,
			);
			runOnlyForDeploymentPostprocessing = 0;
		};
/* End PBXFrameworksBuildPhase section */

/* Begin PBXGroup section */
		4C1E729213C37BD500258DA2 = {
			isa = PBXGroup;
			children = (
				4C1E72A713C37BD500258DA2 /* RDClient */,
				4C1E72A813C37BD500258DA2 /* Supporting Files */,
			);
			sourceTree = "<group>";
		};
		4C1E729E13C37BD500258DA2 /* Products */ = {
			isa = PBXGroup;
			children = (
				4C1E729D13C37BD500258DA2 /* RDClient.app */,
			);
			name = Products;
			path = ..;
			sourceTree = "<group>";
		};
		4C1E72A013C37BD500258DA2 /* Frameworks */ = {
			isa = PBXGroup;
			children = (
				4C5F400F13D32DF5005E0936 /* QuartzCore.framework */,
				4C1E72EB13C38A1B00258DA2 /* CFNetwork.framework */,
				4C1E72E913C389FD00258DA2 /* MobileCoreServices.framework */,
				4C1E72E713C388FF00258DA2 /* Security.framework */,
				4C1E72A113C37BD500258DA2 /* UIKit.framework */,
				4C1E72A313C37BD500258DA2 /* Foundation.framework */,
				4C1E72A513C37BD500258DA2 /* CoreGraphics.framework */,
			);
			name = Frameworks;
			path = ..;
			sourceTree = "<group>";
		};
		4C1E72A713C37BD500258DA2 /* RDClient */ = {
			isa = PBXGroup;
			children = (
				4C1E72E413C3862600258DA2 /* AppUtils.h */,
				4C1E72E513C3862600258DA2 /* AppUtils.m */,
				4C1E72B013C37BD500258DA2 /* RDClientAppDelegate.h */,
				4C1E72B113C37BD500258DA2 /* RDClientAppDelegate.m */,
				4C1E72C913C37E4D00258DA2 /* ConnectionViewController.h */,
				4C1E72CA13C37E4D00258DA2 /* ConnectionViewController.m */,
				4C1E72CC13C3834A00258DA2 /* ScreenView.h */,
				4C1E72CD13C3834A00258DA2 /* ScreenView.m */,
				4C5F400D13D1F3D9005E0936 /* ProtocolConstants.h */,
				4C5F401213D38452005E0936 /* cake.png */,
			);
			path = RDClient;
			sourceTree = "<group>";
		};
		4C1E72A813C37BD500258DA2 /* Supporting Files */ = {
			isa = PBXGroup;
			children = (
				4C1E72E313C3857500258DA2 /* Vendor */,
				4C1E72A013C37BD500258DA2 /* Frameworks */,
				4C1E729E13C37BD500258DA2 /* Products */,
				4C1E72B713C37BD500258DA2 /* MainWindow.xib */,
				4C1E72A913C37BD500258DA2 /* RDClient-Info.plist */,
				4C1E72AA13C37BD500258DA2 /* InfoPlist.strings */,
				4C1E72AD13C37BD500258DA2 /* main.m */,
				4C1E72AF13C37BD500258DA2 /* RDClient-Prefix.pch */,
			);
			name = "Supporting Files";
			path = RDClient;
			sourceTree = "<group>";
		};
		4C1E72E113C3855600258DA2 /* CocoaLumberjack */ = {
			isa = PBXGroup;
			children = (
				4C1E72D213C3855100258DA2 /* DDAbstractDatabaseLogger.h */,
				4C1E72D313C3855100258DA2 /* DDAbstractDatabaseLogger.m */,
				4C1E72D413C3855100258DA2 /* DDASLLogger.h */,
				4C1E72D513C3855100258DA2 /* DDASLLogger.m */,
				4C1E72D613C3855100258DA2 /* DDFileLogger.h */,
				4C1E72D713C3855100258DA2 /* DDFileLogger.m */,
				4C1E72D813C3855200258DA2 /* DDLog.h */,
				4C1E72D913C3855200258DA2 /* DDLog.m */,
				4C1E72DA13C3855200258DA2 /* DDTTYLogger.h */,
				4C1E72DB13C3855200258DA2 /* DDTTYLogger.m */,
			);
			name = CocoaLumberjack;
			sourceTree = "<group>";
		};
		4C1E72E213C3856600258DA2 /* GCDAsyncSocket */ = {
			isa = PBXGroup;
			children = (
				4C1E72CF13C3853300258DA2 /* GCDAsyncSocket.h */,
				4C1E72D013C3853300258DA2 /* GCDAsyncSocket.m */,
				4C1E72E113C3855600258DA2 /* CocoaLumberjack */,
			);
			name = GCDAsyncSocket;
			sourceTree = "<group>";
		};
		4C1E72E313C3857500258DA2 /* Vendor */ = {
			isa = PBXGroup;
			children = (
				4C1E72E213C3856600258DA2 /* GCDAsyncSocket */,
			);
			name = Vendor;
			path = ..;
			sourceTree = "<group>";
		};
/* End PBXGroup section */

/* Begin PBXNativeTarget section */
		4C1E729C13C37BD500258DA2 /* RDClient */ = {
			isa = PBXNativeTarget;
			buildConfigurationList = 4C1E72C313C37BD500258DA2 /* Build configuration list for PBXNativeTarget "RDClient" */;
			buildPhases = (
				4C1E729913C37BD500258DA2 /* Sources */,
				4C1E729A13C37BD500258DA2 /* Frameworks */,
				4C1E729B13C37BD500258DA2 /* Resources */,
			);
			buildRules = (
			);
			dependencies = (
			);
			name = RDClient;
			productName = RDClient;
			productReference = 4C1E729D13C37BD500258DA2 /* RDClient.app */;
			productType = "com.apple.product-type.application";
		};
/* End PBXNativeTarget section */

/* Begin PBXProject section */
		4C1E729413C37BD500258DA2 /* Project object */ = {
			isa = PBXProject;
			attributes = {
				LastUpgradeCheck = 0420;
			};
			buildConfigurationList = 4C1E729713C37BD500258DA2 /* Build configuration list for PBXProject "RDClient" */;
			compatibilityVersion = "Xcode 3.2";
			developmentRegion = English;
			hasScannedForEncodings = 0;
			knownRegions = (
				en,
			);
			mainGroup = 4C1E729213C37BD500258DA2;
			productRefGroup = 4C1E729E13C37BD500258DA2 /* Products */;
			projectDirPath = "";
			projectRoot = "";
			targets = (
				4C1E729C13C37BD500258DA2 /* RDClient */,
			);
		};
/* End PBXProject section */

/* Begin PBXResourcesBuildPhase section */
		4C1E729B13C37BD500258DA2 /* Resources */ = {
			isa = PBXResourcesBuildPhase;
			buildActionMask = 2147483647;
			files = (
				4C1E72AC13C37BD500258DA2 /* InfoPlist.strings in Resources */,
				4C1E72B913C37BD500258DA2 /* MainWindow.xib in Resources */,
				4C5F401313D38452005E0936 /* cake.png in Resources */,
			);
			runOnlyForDeploymentPostprocessing = 0;
		};
/* End PBXResourcesBuildPhase section */

/* Begin PBXSourcesBuildPhase section */
		4C1E729913C37BD500258DA2 /* Sources */ = {
			isa = PBXSourcesBuildPhase;
			buildActionMask = 2147483647;
			files = (
				4C1E72AE13C37BD500258DA2 /* main.m in Sources */,
				4C1E72B213C37BD500258DA2 /* RDClientAppDelegate.m in Sources */,
				4C1E72CB13C37E4D00258DA2 /* ConnectionViewController.m in Sources */,
				4C1E72CE13C3834A00258DA2 /* ScreenView.m in Sources */,
				4C1E72D113C3853300258DA2 /* GCDAsyncSocket.m in Sources */,
				4C1E72DC13C3855200258DA2 /* DDAbstractDatabaseLogger.m in Sources */,
				4C1E72DD13C3855200258DA2 /* DDASLLogger.m in Sources */,
				4C1E72DE13C3855200258DA2 /* DDFileLogger.m in Sources */,
				4C1E72DF13C3855200258DA2 /* DDLog.m in Sources */,
				4C1E72E013C3855200258DA2 /* DDTTYLogger.m in Sources */,
				4C1E72E613C3862600258DA2 /* AppUtils.m in Sources */,
			);
			runOnlyForDeploymentPostprocessing = 0;
		};
/* End PBXSourcesBuildPhase section */

/* Begin PBXVariantGroup section */
		4C1E72AA13C37BD500258DA2 /* InfoPlist.strings */ = {
			isa = PBXVariantGroup;
			children = (
				4C1E72AB13C37BD500258DA2 /* en */,
			);
			name = InfoPlist.strings;
			sourceTree = "<group>";
		};
		4C1E72B713C37BD500258DA2 /* MainWindow.xib */ = {
			isa = PBXVariantGroup;
			children = (
				4C1E72B813C37BD500258DA2 /* en */,
			);
			name = MainWindow.xib;
			sourceTree = "<group>";
		};
/* End PBXVariantGroup section */

/* Begin XCBuildConfiguration section */
		4C1E72C113C37BD500258DA2 /* Debug */ = {
			isa = XCBuildConfiguration;
			buildSettings = {
				ALWAYS_SEARCH_USER_PATHS = NO;
				ARCHS = "$(ARCHS_STANDARD_32_BIT)";
				"CODE_SIGN_IDENTITY[sdk=iphoneos*]" = "iPhone Developer";
				COPY_PHASE_STRIP = NO;
				GCC_C_LANGUAGE_STANDARD = gnu99;
				GCC_DYNAMIC_NO_PIC = NO;
				GCC_OPTIMIZATION_LEVEL = 0;
				GCC_PREPROCESSOR_DEFINITIONS = (
					"DEBUG=1",
					"$(inherited)",
				);
				GCC_SYMBOLS_PRIVATE_EXTERN = NO;
				GCC_VERSION = com.apple.compilers.llvmgcc42;
				GCC_WARN_ABOUT_MISSING_PROTOTYPES = YES;
				GCC_WARN_ABOUT_RETURN_TYPE = YES;
				GCC_WARN_UNUSED_VARIABLE = YES;
				IPHONEOS_DEPLOYMENT_TARGET = 4.3;
				SDKROOT = iphoneos;
				TARGETED_DEVICE_FAMILY = "1,2";
			};
			name = Debug;
		};
		4C1E72C213C37BD500258DA2 /* Release */ = {
			isa = XCBuildConfiguration;
			buildSettings = {
				ALWAYS_SEARCH_USER_PATHS = NO;
				ARCHS = "$(ARCHS_STANDARD_32_BIT)";
				"CODE_SIGN_IDENTITY[sdk=iphoneos*]" = "iPhone Developer";
				COPY_PHASE_STRIP = YES;
				GCC_C_LANGUAGE_STANDARD = gnu99;
				GCC_VERSION = com.apple.compilers.llvmgcc42;
				GCC_WARN_ABOUT_MISSING_PROTOTYPES = YES;
				GCC_WARN_ABOUT_RETURN_TYPE = YES;
				GCC_WARN_UNUSED_VARIABLE = YES;
				IPHONEOS_DEPLOYMENT_TARGET = 4.3;
				OTHER_CFLAGS = "-DNS_BLOCK_ASSERTIONS=1";
				SDKROOT = iphoneos;
				TARGETED_DEVICE_FAMILY = "1,2";
				VALIDATE_PRODUCT = YES;
			};
			name = Release;
		};
		4C1E72C413C37BD500258DA2 /* Debug */ = {
			isa = XCBuildConfiguration;
			buildSettings = {
				GCC_PRECOMPILE_PREFIX_HEADER = YES;
				GCC_PREFIX_HEADER = "RDClient/RDClient-Prefix.pch";
				INFOPLIST_FILE = "RDClient/RDClient-Info.plist";
				IPHONEOS_DEPLOYMENT_TARGET = 4.2;
				PRODUCT_NAME = "$(TARGET_NAME)";
				WRAPPER_EXTENSION = app;
			};
			name = Debug;
		};
		4C1E72C513C37BD500258DA2 /* Release */ = {
			isa = XCBuildConfiguration;
			buildSettings = {
				GCC_PRECOMPILE_PREFIX_HEADER = YES;
				GCC_PREFIX_HEADER = "RDClient/RDClient-Prefix.pch";
				INFOPLIST_FILE = "RDClient/RDClient-Info.plist";
				IPHONEOS_DEPLOYMENT_TARGET = 4.2;
				PRODUCT_NAME = "$(TARGET_NAME)";
				WRAPPER_EXTENSION = app;
			};
			name = Release;
		};
/* End XCBuildConfiguration section */

/* Begin XCConfigurationList section */
		4C1E729713C37BD500258DA2 /* Build configuration list for PBXProject "RDClient" */ = {
			isa = XCConfigurationList;
			buildConfigurations = (
				4C1E72C113C37BD500258DA2 /* Debug */,
				4C1E72C213C37BD500258DA2 /* Release */,
			);
			defaultConfigurationIsVisible = 0;
			defaultConfigurationName = Release;
		};
		4C1E72C313C37BD500258DA2 /* Build configuration list for PBXNativeTarget "RDClient" */ = {
			isa = XCConfigurationList;
			buildConfigurations = (
				4C1E72C413C37BD500258DA2 /* Debug */,
				4C1E72C513C37BD500258DA2 /* Release */,
			);
			defaultConfigurationIsVisible = 0;
			defaultConfigurationName = Release;
		};
/* End XCConfigurationList section */
	};
	rootObject = 4C1E729413C37BD500258DA2 /* Project object */;
}
